<Solution>
  <Folder Name="/src/">
    <Project Path="src/NotificationService.Api/NotificationService.Api.csproj" />
    <Project Path="src/NotificationService.Client/NotificationService.Client.csproj" />
  </Folder>
  <Folder Name="/workshop/">
    <Project Path="workshop/NotificationLibrary.Workshop/NotificationLibrary.Workshop.csproj" />
  </Folder>
</Solution>
