<Solution>
  <Folder Name="/src/">
    <Project Path="src/NotificationService.Api/NotificationService.Api.csproj" />
    <Project Path="src/NotificationService.Client/NotificationService.Client.csproj" />
  </Folder>
  <Folder Name="/workshop/">
    <Project Path="workshop/NotificationLibrary.Workshop/NotificationLibrary.Workshop.csproj" />
  </Folder>
  <Folder Name="/workshop/Solutions/" />
  <Folder Name="/workshop/Solutions/Consumer/">
    <Project Path="workshop/Solutions/Consumer/NotificationLibrary.Workshop.Consumer/NotificationLibrary.Workshop.Consumer.csproj" Id="c9aaaed5-3a25-4145-a239-29bf34998445" />
  </Folder>
  <Folder Name="/workshop/Solutions/US1/">
    <Project Path="workshop/Solutions/US1/NotificationLibrary.Workshop.csproj" />
  </Folder>
  <Folder Name="/workshop/Solutions/US2/">
    <Project Path="workshop/Solutions/US2/NotificationLibrary.Workshop.Polly/NotificationLibrary.Workshop.Polly.csproj" Id="8b62f50b-31cb-4b72-90e6-941fdfc78a8e" />
    <Project Path="workshop/Solutions/US2/NotificationLibrary.Workshop/NotificationLibrary.Workshop.csproj" />
  </Folder>
  <Folder Name="/workshop/Solutions/US3/">
    <Project Path="workshop/Solutions/US3/NotificationLibrary.Workshop.Email/NotificationLibrary.Workshop.Email.csproj" Id="fc6ad282-8034-4cb7-bfbf-2b0708ce2443" />
    <Project Path="workshop/Solutions/US3/NotificationLibrary.Workshop.Polly/NotificationLibrary.Workshop.Polly.csproj" />
    <Project Path="workshop/Solutions/US3/NotificationLibrary.Workshop.Sms/NotificationLibrary.Workshop.Sms.csproj" />
    <Project Path="workshop/Solutions/US3/NotificationLibrary.Workshop/NotificationLibrary.Workshop.csproj" />
  </Folder>
  <Folder Name="/workshop/Solutions/US4/">
    <Project Path="workshop/Solutions/US4/NotificationLibrary.Workshop.Email/NotificationLibrary.Workshop.Email.csproj" />
    <Project Path="workshop/Solutions/US4/NotificationLibrary.Workshop.Polly/NotificationLibrary.Workshop.Polly.csproj" />
    <Project Path="workshop/Solutions/US4/NotificationLibrary.Workshop.Queue.InMemory/NotificationLibrary.Workshop.Queue.InMemory.csproj" Id="df0c9137-edd3-4654-914d-42ba0c5f4754" />
    <Project Path="workshop/Solutions/US4/NotificationLibrary.Workshop.Queue.RabbitMQ/NotificationLibrary.Workshop.Queue.RabbitMQ.csproj" Id="7affa144-94a7-42d2-94f4-e3a1c394daa2" />
    <Project Path="workshop/Solutions/US4/NotificationLibrary.Workshop.Queue/NotificationLibrary.Workshop.Queue.csproj" Id="cce64230-7ca0-4535-a42a-5a238358fc8f" />
    <Project Path="workshop/Solutions/US4/NotificationLibrary.Workshop.Sms/NotificationLibrary.Workshop.Sms.csproj" />
    <Project Path="workshop/Solutions/US4/NotificationLibrary.Workshop/NotificationLibrary.Workshop.csproj" />
  </Folder>
</Solution>
